
Microsoft Visual Studio Solution File, Format Version 12.00
# Visual Studio Version 17
VisualStudioVersion = 17.5.002.0
MinimumVisualStudioVersion = 10.0.40219.1
Project("{9A19103F-16F7-4668-BE54-9A1E7A4F7556}") = "ShimeiGenerator", "ShimeiGenerator.csproj", "{5A5F9B5E-165B-4B23-909E-C3FF1BD5A7CF}"
EndProject
Global
	GlobalSection(SolutionConfigurationPlatforms) = preSolution
		Debug|Any CPU = Debug|Any CPU
		Release|Any CPU = Release|Any CPU
	EndGlobalSection
	GlobalSection(ProjectConfigurationPlatforms) = postSolution
		{5A5F9B5E-165B-4B23-909E-C3FF1BD5A7CF}.Debug|Any CPU.ActiveCfg = Debug|Any CPU
		{5A5F9B5E-165B-4B23-909E-C3FF1BD5A7CF}.Debug|Any CPU.Build.0 = Debug|Any CPU
		{5A5F9B5E-165B-4B23-909E-C3FF1BD5A7CF}.Release|Any CPU.ActiveCfg = Release|Any CPU
		{5A5F9B5E-165B-4B23-909E-C3FF1BD5A7CF}.Release|Any CPU.Build.0 = Release|Any CPU
	EndGlobalSection
	GlobalSection(SolutionProperties) = preSolution
		HideSolutionNode = FALSE
	EndGlobalSection
	GlobalSection(ExtensibilityGlobals) = postSolution
		SolutionGuid = {BC2D5680-854B-4CB0-B007-5CAAE2D67E3F}
	EndGlobalSection
EndGlobal
