
Microsoft Visual Studio Solution File, Format Version 12.00
# Visual Studio Version 17
VisualStudioVersion = 17.7.34031.279
MinimumVisualStudioVersion = 10.0.40219.1
Project("{9A19103F-16F7-4668-BE54-9A1E7A4F7556}") = "ShimeiGenerator", "JapaneseNameGenerator\ShimeiGenerator.csproj", "{4600CE68-8E2E-4DD6-B407-FBB9753CC23F}"
EndProject
Project("{9A19103F-16F7-4668-BE54-9A1E7A4F7556}") = "ShimeiGenTestApp", "JapaneseNamesGeneratorConsoleApp\ShimeiGenTestApp.csproj", "{47579BCD-9DF9-405B-B93C-51FF6371053F}"
EndProject
Global
	GlobalSection(SolutionConfigurationPlatforms) = preSolution
		Debug|Any CPU = Debug|Any CPU
		Release|Any CPU = Release|Any CPU
	EndGlobalSection
	GlobalSection(ProjectConfigurationPlatforms) = postSolution
		{4600CE68-8E2E-4DD6-B407-FBB9753CC23F}.Debug|Any CPU.ActiveCfg = Debug|Any CPU
		{4600CE68-8E2E-4DD6-B407-FBB9753CC23F}.Debug|Any CPU.Build.0 = Debug|Any CPU
		{4600CE68-8E2E-4DD6-B407-FBB9753CC23F}.Release|Any CPU.ActiveCfg = Release|Any CPU
		{4600CE68-8E2E-4DD6-B407-FBB9753CC23F}.Release|Any CPU.Build.0 = Release|Any CPU
		{47579BCD-9DF9-405B-B93C-51FF6371053F}.Debug|Any CPU.ActiveCfg = Debug|Any CPU
		{47579BCD-9DF9-405B-B93C-51FF6371053F}.Debug|Any CPU.Build.0 = Debug|Any CPU
		{47579BCD-9DF9-405B-B93C-51FF6371053F}.Release|Any CPU.ActiveCfg = Debug|Any CPU
		{47579BCD-9DF9-405B-B93C-51FF6371053F}.Release|Any CPU.Build.0 = Debug|Any CPU
	EndGlobalSection
	GlobalSection(SolutionProperties) = preSolution
		HideSolutionNode = FALSE
	EndGlobalSection
	GlobalSection(ExtensibilityGlobals) = postSolution
		SolutionGuid = {04A895D1-62A1-4F90-A33B-26F144B6C976}
	EndGlobalSection
EndGlobal
